
Microsoft Visual Studio Solution File, Format Version 12.00
# Visual Studio 15
VisualStudioVersion = 15.0.28010.2016
MinimumVisualStudioVersion = 10.0.40219.1
Project("{FAE04EC0-301F-11D3-BF4B-00C04F79EFBC}") = "NewJavaScriptDemo", "NewJavaScriptDemo\NewJavaScriptDemo.csproj", "{88B61AD4-5242-4154-8BA9-7F605702DB48}"
EndProject
Global
	GlobalSection(SolutionConfigurationPlatforms) = preSolution
		Debug|Any CPU = Debug|Any CPU
		Release|Any CPU = Release|Any CPU
	EndGlobalSection
	GlobalSection(ProjectConfigurationPlatforms) = postSolution
		{88B61AD4-5242-4154-8BA9-7F605702DB48}.Debug|Any CPU.ActiveCfg = Debug|Any CPU
		{88B61AD4-5242-4154-8BA9-7F605702DB48}.Debug|Any CPU.Build.0 = Debug|Any CPU
		{88B61AD4-5242-4154-8BA9-7F605702DB48}.Debug|Any CPU.Deploy.0 = Debug|Any CPU
		{88B61AD4-5242-4154-8BA9-7F605702DB48}.Release|Any CPU.ActiveCfg = Release|Any CPU
		{88B61AD4-5242-4154-8BA9-7F605702DB48}.Release|Any CPU.Build.0 = Release|Any CPU
		{88B61AD4-5242-4154-8BA9-7F605702DB48}.Release|Any CPU.Deploy.0 = Release|Any CPU
	EndGlobalSection
	GlobalSection(SolutionProperties) = preSolution
		HideSolutionNode = FALSE
	EndGlobalSection
	GlobalSection(ExtensibilityGlobals) = postSolution
		SolutionGuid = {55073B00-CFAB-4E17-914F-9FA241088902}
	EndGlobalSection
EndGlobal
