
Microsoft Visual Studio Solution File, Format Version 12.00
# Visual Studio 15
VisualStudioVersion = 15.0.28010.2016
MinimumVisualStudioVersion = 10.0.40219.1
Project("{FAE04EC0-301F-11D3-BF4B-00C04F79EFBC}") = "SharePointAddIn2", "SharePointAddIn2\SharePointAddIn2.csproj", "{02506A4D-2DAD-4078-A6A6-E2A9D1628EE0}"
EndProject
Global
	GlobalSection(SolutionConfigurationPlatforms) = preSolution
		Debug|Any CPU = Debug|Any CPU
		Release|Any CPU = Release|Any CPU
	EndGlobalSection
	GlobalSection(ProjectConfigurationPlatforms) = postSolution
		{02506A4D-2DAD-4078-A6A6-E2A9D1628EE0}.Debug|Any CPU.ActiveCfg = Debug|Any CPU
		{02506A4D-2DAD-4078-A6A6-E2A9D1628EE0}.Debug|Any CPU.Build.0 = Debug|Any CPU
		{02506A4D-2DAD-4078-A6A6-E2A9D1628EE0}.Debug|Any CPU.Deploy.0 = Debug|Any CPU
		{02506A4D-2DAD-4078-A6A6-E2A9D1628EE0}.Release|Any CPU.ActiveCfg = Release|Any CPU
		{02506A4D-2DAD-4078-A6A6-E2A9D1628EE0}.Release|Any CPU.Build.0 = Release|Any CPU
		{02506A4D-2DAD-4078-A6A6-E2A9D1628EE0}.Release|Any CPU.Deploy.0 = Release|Any CPU
	EndGlobalSection
	GlobalSection(SolutionProperties) = preSolution
		HideSolutionNode = FALSE
	EndGlobalSection
	GlobalSection(ExtensibilityGlobals) = postSolution
		SolutionGuid = {8745DA82-8693-453F-93E4-F8A90EE2C224}
	EndGlobalSection
EndGlobal
